
Microsoft Visual Studio Solution File, Format Version 12.00
# Visual Studio 15
VisualStudioVersion = 15.0.26124.0
MinimumVisualStudioVersion = 15.0.26124.0
Project("{9A19103F-16F7-4668-BE54-9A1E7A4F7556}") = "R5T.T0007.Construction", "R5T.T0007.Construction\R5T.T0007.Construction.csproj", "{9C766765-09FD-40E8-9CA9-5B8F549AACC0}"
EndProject
Project("{9A19103F-16F7-4668-BE54-9A1E7A4F7556}") = "R5T.T0007", "R5T.T0007\R5T.T0007.csproj", "{91049EE2-9A40-455E-98DC-C57F457B9B7C}"
EndProject
Project("{2150E333-8FDC-42A3-9474-1A3956D46DE8}") = "_Dependencies", "_Dependencies", "{FCD133B8-8859-408B-B141-22E9360AD6DE}"
EndProject
Project("{9A19103F-16F7-4668-BE54-9A1E7A4F7556}") = "R5T.Stagira", "..\..\R5T.Stagira\source\R5T.Stagira\R5T.Stagira.csproj", "{F7C2E859-4C28-442B-A2E7-2C49B7B0D0F3}"
EndProject
Global
	GlobalSection(SolutionConfigurationPlatforms) = preSolution
		Debug|Any CPU = Debug|Any CPU
		Debug|x64 = Debug|x64
		Debug|x86 = Debug|x86
		Release|Any CPU = Release|Any CPU
		Release|x64 = Release|x64
		Release|x86 = Release|x86
	EndGlobalSection
	GlobalSection(ProjectConfigurationPlatforms) = postSolution
		{9C766765-09FD-40E8-9CA9-5B8F549AACC0}.Debug|Any CPU.ActiveCfg = Debug|Any CPU
		{9C766765-09FD-40E8-9CA9-5B8F549AACC0}.Debug|Any CPU.Build.0 = Debug|Any CPU
		{9C766765-09FD-40E8-9CA9-5B8F549AACC0}.Debug|x64.ActiveCfg = Debug|Any CPU
		{9C766765-09FD-40E8-9CA9-5B8F549AACC0}.Debug|x64.Build.0 = Debug|Any CPU
		{9C766765-09FD-40E8-9CA9-5B8F549AACC0}.Debug|x86.ActiveCfg = Debug|Any CPU
		{9C766765-09FD-40E8-9CA9-5B8F549AACC0}.Debug|x86.Build.0 = Debug|Any CPU
		{9C766765-09FD-40E8-9CA9-5B8F549AACC0}.Release|Any CPU.ActiveCfg = Release|Any CPU
		{9C766765-09FD-40E8-9CA9-5B8F549AACC0}.Release|Any CPU.Build.0 = Release|Any CPU
		{9C766765-09FD-40E8-9CA9-5B8F549AACC0}.Release|x64.ActiveCfg = Release|Any CPU
		{9C766765-09FD-40E8-9CA9-5B8F549AACC0}.Release|x64.Build.0 = Release|Any CPU
		{9C766765-09FD-40E8-9CA9-5B8F549AACC0}.Release|x86.ActiveCfg = Release|Any CPU
		{9C766765-09FD-40E8-9CA9-5B8F549AACC0}.Release|x86.Build.0 = Release|Any CPU
		{91049EE2-9A40-455E-98DC-C57F457B9B7C}.Debug|Any CPU.ActiveCfg = Debug|Any CPU
		{91049EE2-9A40-455E-98DC-C57F457B9B7C}.Debug|Any CPU.Build.0 = Debug|Any CPU
		{91049EE2-9A40-455E-98DC-C57F457B9B7C}.Debug|x64.ActiveCfg = Debug|Any CPU
		{91049EE2-9A40-455E-98DC-C57F457B9B7C}.Debug|x64.Build.0 = Debug|Any CPU
		{91049EE2-9A40-455E-98DC-C57F457B9B7C}.Debug|x86.ActiveCfg = Debug|Any CPU
		{91049EE2-9A40-455E-98DC-C57F457B9B7C}.Debug|x86.Build.0 = Debug|Any CPU
		{91049EE2-9A40-455E-98DC-C57F457B9B7C}.Release|Any CPU.ActiveCfg = Release|Any CPU
		{91049EE2-9A40-455E-98DC-C57F457B9B7C}.Release|Any CPU.Build.0 = Release|Any CPU
		{91049EE2-9A40-455E-98DC-C57F457B9B7C}.Release|x64.ActiveCfg = Release|Any CPU
		{91049EE2-9A40-455E-98DC-C57F457B9B7C}.Release|x64.Build.0 = Release|Any CPU
		{91049EE2-9A40-455E-98DC-C57F457B9B7C}.Release|x86.ActiveCfg = Release|Any CPU
		{91049EE2-9A40-455E-98DC-C57F457B9B7C}.Release|x86.Build.0 = Release|Any CPU
		{F7C2E859-4C28-442B-A2E7-2C49B7B0D0F3}.Debug|Any CPU.ActiveCfg = Debug|Any CPU
		{F7C2E859-4C28-442B-A2E7-2C49B7B0D0F3}.Debug|Any CPU.Build.0 = Debug|Any CPU
		{F7C2E859-4C28-442B-A2E7-2C49B7B0D0F3}.Debug|x64.ActiveCfg = Debug|Any CPU
		{F7C2E859-4C28-442B-A2E7-2C49B7B0D0F3}.Debug|x64.Build.0 = Debug|Any CPU
		{F7C2E859-4C28-442B-A2E7-2C49B7B0D0F3}.Debug|x86.ActiveCfg = Debug|Any CPU
		{F7C2E859-4C28-442B-A2E7-2C49B7B0D0F3}.Debug|x86.Build.0 = Debug|Any CPU
		{F7C2E859-4C28-442B-A2E7-2C49B7B0D0F3}.Release|Any CPU.ActiveCfg = Release|Any CPU
		{F7C2E859-4C28-442B-A2E7-2C49B7B0D0F3}.Release|Any CPU.Build.0 = Release|Any CPU
		{F7C2E859-4C28-442B-A2E7-2C49B7B0D0F3}.Release|x64.ActiveCfg = Release|Any CPU
		{F7C2E859-4C28-442B-A2E7-2C49B7B0D0F3}.Release|x64.Build.0 = Release|Any CPU
		{F7C2E859-4C28-442B-A2E7-2C49B7B0D0F3}.Release|x86.ActiveCfg = Release|Any CPU
		{F7C2E859-4C28-442B-A2E7-2C49B7B0D0F3}.Release|x86.Build.0 = Release|Any CPU
	EndGlobalSection
	GlobalSection(SolutionProperties) = preSolution
		HideSolutionNode = FALSE
	EndGlobalSection
	GlobalSection(NestedProjects) = preSolution
		{F7C2E859-4C28-442B-A2E7-2C49B7B0D0F3} = {FCD133B8-8859-408B-B141-22E9360AD6DE}
	EndGlobalSection
	GlobalSection(ExtensibilityGlobals) = postSolution
		SolutionGuid = {ACB11032-9078-470B-9A1C-0B987D0E1CCE}
	EndGlobalSection
EndGlobal
